// !$*UTF8*$!
{
	archiveVersion = 1;
	classes = {
	};
	objectVersion = 50;
	objects = {

/* Begin PBXBuildFile section */
		816DABFD2435E12900E2B77B /* AppDelegate.swift in Sources */ = {isa = PBXBuildFile; fileRef = 816DABFC2435E12900E2B77B /* AppDelegate.swift */; };
		816DABFF2435E12900E2B77B /* SceneDelegate.swift in Sources */ = {isa = PBXBuildFile; fileRef = 816DABFE2435E12900E2B77B /* SceneDelegate.swift */; };
		816DAC012435E12900E2B77B /* ViewController.swift in Sources */ = {isa = PBXBuildFile; fileRef = 816DAC002435E12900E2B77B /* ViewController.swift */; };
		816DAC042435E12900E2B77B /* Main.storyboard in Resources */ = {isa = PBXBuildFile; fileRef = 816DAC022435E12900E2B77B /* Main.storyboard */; };
		816DAC062435E12E00E2B77B /* Assets.xcassets in Resources */ = {isa = PBXBuildFile; fileRef = 816DAC052435E12E00E2B77B /* Assets.xcassets */; };
		816DAC092435E12E00E2B77B /* LaunchScreen.storyboard in Resources */ = {isa = PBXBuildFile; fileRef = 816DAC072435E12E00E2B77B /* LaunchScreen.storyboard */; };
		816DAC122435E16B00E2B77B /* SwiftLog.swift in Sources */ = {isa = PBXBuildFile; fileRef = 816DAC112435E16B00E2B77B /* SwiftLog.swift */; };
/* End PBXBuildFile section */

/* Begin PBXFileReference section */
		816DABF92435E12900E2B77B /* SwiftLog.app */ = {isa = PBXFileReference; explicitFileType = wrapper.application; includeInIndex = 0; path = SwiftLog.app; sourceTree = BUILT_PRODUCTS_DIR; };
		816DABFC2435E12900E2B77B /* AppDelegate.swift */ = {isa = PBXFileReference; lastKnownFileType = sourcecode.swift; path = AppDelegate.swift; sourceTree = "<group>"; };
		816DABFE2435E12900E2B77B /* SceneDelegate.swift */ = {isa = PBXFileReference; lastKnownFileType = sourcecode.swift; path = SceneDelegate.swift; sourceTree = "<group>"; };
		816DAC002435E12900E2B77B /* ViewController.swift */ = {isa = PBXFileReference; lastKnownFileType = sourcecode.swift; path = ViewController.swift; sourceTree = "<group>"; };
		816DAC032435E12900E2B77B /* Base */ = {isa = PBXFileReference; lastKnownFileType = file.storyboard; name = Base; path = Base.lproj/Main.storyboard; sourceTree = "<group>"; };
		816DAC052435E12E00E2B77B /* Assets.xcassets */ = {isa = PBXFileReference; lastKnownFileType = folder.assetcatalog; path = Assets.xcassets; sourceTree = "<group>"; };
		816DAC082435E12E00E2B77B /* Base */ = {isa = PBXFileReference; lastKnownFileType = file.storyboard; name = Base; path = Base.lproj/LaunchScreen.storyboard; sourceTree = "<group>"; };
		816DAC0A2435E12E00E2B77B /* Info.plist */ = {isa = PBXFileReference; lastKnownFileType = text.plist.xml; path = Info.plist; sourceTree = "<group>"; };
		816DAC112435E16B00E2B77B /* SwiftLog.swift */ = {isa = PBXFileReference; lastKnownFileType = sourcecode.swift; path = SwiftLog.swift; sourceTree = "<group>"; };
/* End PBXFileReference section */

/* Begin PBXFrameworksBuildPhase section */
		816DABF62435E12900E2B77B /* Frameworks */ = {
			isa = PBXFrameworksBuildPhase;
			buildActionMask = 2147483647;
			files = (
			);
			runOnlyForDeploymentPostprocessing = 0;
		};
/* End PBXFrameworksBuildPhase section */

/* Begin PBXGroup section */
		816DABF02435E12900E2B77B = {
			isa = PBXGroup;
			children = (
				816DABFB2435E12900E2B77B /* SwiftLog */,
				816DABFA2435E12900E2B77B /* Products */,
			);
			sourceTree = "<group>";
		};
		816DABFA2435E12900E2B77B /* Products */ = {
			isa = PBXGroup;
			children = (
				816DABF92435E12900E2B77B /* SwiftLog.app */,
			);
			name = Products;
			sourceTree = "<group>";
		};
		816DABFB2435E12900E2B77B /* SwiftLog */ = {
			isa = PBXGroup;
			children = (
				816DAC102435E13700E2B77B /* Class */,
				816DABFC2435E12900E2B77B /* AppDelegate.swift */,
				816DABFE2435E12900E2B77B /* SceneDelegate.swift */,
				816DAC002435E12900E2B77B /* ViewController.swift */,
				816DAC022435E12900E2B77B /* Main.storyboard */,
				816DAC052435E12E00E2B77B /* Assets.xcassets */,
				816DAC072435E12E00E2B77B /* LaunchScreen.storyboard */,
				816DAC0A2435E12E00E2B77B /* Info.plist */,
			);
			path = SwiftLog;
			sourceTree = "<group>";
		};
		816DAC102435E13700E2B77B /* Class */ = {
			isa = PBXGroup;
			children = (
				816DAC112435E16B00E2B77B /* SwiftLog.swift */,
			);
			path = Class;
			sourceTree = "<group>";
		};
/* End PBXGroup section */

/* Begin PBXNativeTarget section */
		816DABF82435E12900E2B77B /* SwiftLog */ = {
			isa = PBXNativeTarget;
			buildConfigurationList = 816DAC0D2435E12E00E2B77B /* Build configuration list for PBXNativeTarget "SwiftLog" */;
			buildPhases = (
				816DABF52435E12900E2B77B /* Sources */,
				816DABF62435E12900E2B77B /* Frameworks */,
				816DABF72435E12900E2B77B /* Resources */,
			);
			buildRules = (
			);
			dependencies = (
			);
			name = SwiftLog;
			productName = SwiftLog;
			productReference = 816DABF92435E12900E2B77B /* SwiftLog.app */;
			productType = "com.apple.product-type.application";
		};
/* End PBXNativeTarget section */

/* Begin PBXProject section */
		816DABF12435E12900E2B77B /* Project object */ = {
			isa = PBXProject;
			attributes = {
				LastSwiftUpdateCheck = 1140;
				LastUpgradeCheck = 1140;
				ORGANIZATIONNAME = iOS;
				TargetAttributes = {
					816DABF82435E12900E2B77B = {
						CreatedOnToolsVersion = 11.4;
					};
				};
			};
			buildConfigurationList = 816DABF42435E12900E2B77B /* Build configuration list for PBXProject "SwiftLog" */;
			compatibilityVersion = "Xcode 9.3";
			developmentRegion = en;
			hasScannedForEncodings = 0;
			knownRegions = (
				en,
				Base,
			);
			mainGroup = 816DABF02435E12900E2B77B;
			productRefGroup = 816DABFA2435E12900E2B77B /* Products */;
			projectDirPath = "";
			projectRoot = "";
			targets = (
				816DABF82435E12900E2B77B /* SwiftLog */,
			);
		};
/* End PBXProject section */

/* Begin PBXResourcesBuildPhase section */
		816DABF72435E12900E2B77B /* Resources */ = {
			isa = PBXResourcesBuildPhase;
			buildActionMask = 2147483647;
			files = (
				816DAC092435E12E00E2B77B /* LaunchScreen.storyboard in Resources */,
				816DAC062435E12E00E2B77B /* Assets.xcassets in Resources */,
				816DAC042435E12900E2B77B /* Main.storyboard in Resources */,
			);
			runOnlyForDeploymentPostprocessing = 0;
		};
/* End PBXResourcesBuildPhase section */

/* Begin PBXSourcesBuildPhase section */
		816DABF52435E12900E2B77B /* Sources */ = {
			isa = PBXSourcesBuildPhase;
			buildActionMask = 2147483647;
			files = (
				816DAC122435E16B00E2B77B /* SwiftLog.swift in Sources */,
				816DAC012435E12900E2B77B /* ViewController.swift in Sources */,
				816DABFD2435E12900E2B77B /* AppDelegate.swift in Sources */,
				816DABFF2435E12900E2B77B /* SceneDelegate.swift in Sources */,
			);
			runOnlyForDeploymentPostprocessing = 0;
		};
/* End PBXSourcesBuildPhase section */

/* Begin PBXVariantGroup section */
		816DAC022435E12900E2B77B /* Main.storyboard */ = {
			isa = PBXVariantGroup;
			children = (
				816DAC032435E12900E2B77B /* Base */,
			);
			name = Main.storyboard;
			sourceTree = "<group>";
		};
		816DAC072435E12E00E2B77B /* LaunchScreen.storyboard */ = {
			isa = PBXVariantGroup;
			children = (
				816DAC082435E12E00E2B77B /* Base */,
			);
			name = LaunchScreen.storyboard;
			sourceTree = "<group>";
		};
/* End PBXVariantGroup section */

/* Begin XCBuildConfiguration section */
		816DAC0B2435E12E00E2B77B /* Debug */ = {
			isa = XCBuildConfiguration;
			buildSettings = {
				ALWAYS_SEARCH_USER_PATHS = NO;
				CLANG_ANALYZER_NONNULL = YES;
				CLANG_ANALYZER_NUMBER_OBJECT_CONVERSION = YES_AGGRESSIVE;
				CLANG_CXX_LANGUAGE_STANDARD = "gnu++14";
				CLANG_CXX_LIBRARY = "libc++";
				CLANG_ENABLE_MODULES = YES;
				CLANG_ENABLE_OBJC_ARC = YES;
				CLANG_ENABLE_OBJC_WEAK = YES;
				CLANG_WARN_BLOCK_CAPTURE_AUTORELEASING = YES;
				CLANG_WARN_BOOL_CONVERSION = YES;
				CLANG_WARN_COMMA = YES;
				CLANG_WARN_CONSTANT_CONVERSION = YES;
				CLANG_WARN_DEPRECATED_OBJC_IMPLEMENTATIONS = YES;
				CLANG_WARN_DIRECT_OBJC_ISA_USAGE = YES_ERROR;
				CLANG_WARN_DOCUMENTATION_COMMENTS = YES;
				CLANG_WARN_EMPTY_BODY = YES;
				CLANG_WARN_ENUM_CONVERSION = YES;
				CLANG_WARN_INFINITE_RECURSION = YES;
				CLANG_WARN_INT_CONVERSION = YES;
				CLANG_WARN_NON_LITERAL_NULL_CONVERSION = YES;
				CLANG_WARN_OBJC_IMPLICIT_RETAIN_SELF = YES;
				CLANG_WARN_OBJC_LITERAL_CONVERSION = YES;
				CLANG_WARN_OBJC_ROOT_CLASS = YES_ERROR;
				CLANG_WARN_RANGE_LOOP_ANALYSIS = YES;
				CLANG_WARN_STRICT_PROTOTYPES = YES;
				CLANG_WARN_SUSPICIOUS_MOVE = YES;
				CLANG_WARN_UNGUARDED_AVAILABILITY = YES_AGGRESSIVE;
				CLANG_WARN_UNREACHABLE_CODE = YES;
				CLANG_WARN__DUPLICATE_METHOD_MATCH = YES;
				COPY_PHASE_STRIP = NO;
				DEBUG_INFORMATION_FORMAT = dwarf;
				ENABLE_STRICT_OBJC_MSGSEND = YES;
				ENABLE_TESTABILITY = YES;
				GCC_C_LANGUAGE_STANDARD = gnu11;
				GCC_DYNAMIC_NO_PIC = NO;
				GCC_NO_COMMON_BLOCKS = YES;
				GCC_OPTIMIZATION_LEVEL = 0;
				GCC_PREPROCESSOR_DEFINITIONS = (
					"DEBUG=1",
					"$(inherited)",
				);
				GCC_WARN_64_TO_32_BIT_CONVERSION = YES;
				GCC_WARN_ABOUT_RETURN_TYPE = YES_ERROR;
				GCC_WARN_UNDECLARED_SELECTOR = YES;
				GCC_WARN_UNINITIALIZED_AUTOS = YES_AGGRESSIVE;
				GCC_WARN_UNUSED_FUNCTION = YES;
				GCC_WARN_UNUSED_VARIABLE = YES;
				IPHONEOS_DEPLOYMENT_TARGET = 13.4;
				MTL_ENABLE_DEBUG_INFO = INCLUDE_SOURCE;
				MTL_FAST_MATH = YES;
				ONLY_ACTIVE_ARCH = YES;
				SDKROOT = iphoneos;
				SWIFT_ACTIVE_COMPILATION_CONDITIONS = DEBUG;
				SWIFT_OPTIMIZATION_LEVEL = "-Onone";
			};
			name = Debug;
		};
		816DAC0C2435E12E00E2B77B /* Release */ = {
			isa = XCBuildConfiguration;
			buildSettings = {
				ALWAYS_SEARCH_USER_PATHS = NO;
				CLANG_ANALYZER_NONNULL = YES;
				CLANG_ANALYZER_NUMBER_OBJECT_CONVERSION = YES_AGGRESSIVE;
				CLANG_CXX_LANGUAGE_STANDARD = "gnu++14";
				CLANG_CXX_LIBRARY = "libc++";
				CLANG_ENABLE_MODULES = YES;
				CLANG_ENABLE_OBJC_ARC = YES;
				CLANG_ENABLE_OBJC_WEAK = YES;
				CLANG_WARN_BLOCK_CAPTURE_AUTORELEASING = YES;
				CLANG_WARN_BOOL_CONVERSION = YES;
				CLANG_WARN_COMMA = YES;
				CLANG_WARN_CONSTANT_CONVERSION = YES;
				CLANG_WARN_DEPRECATED_OBJC_IMPLEMENTATIONS = YES;
				CLANG_WARN_DIRECT_OBJC_ISA_USAGE = YES_ERROR;
				CLANG_WARN_DOCUMENTATION_COMMENTS = YES;
				CLANG_WARN_EMPTY_BODY = YES;
				CLANG_WARN_ENUM_CONVERSION = YES;
				CLANG_WARN_INFINITE_RECURSION = YES;
				CLANG_WARN_INT_CONVERSION = YES;
				CLANG_WARN_NON_LITERAL_NULL_CONVERSION = YES;
				CLANG_WARN_OBJC_IMPLICIT_RETAIN_SELF = YES;
				CLANG_WARN_OBJC_LITERAL_CONVERSION = YES;
				CLANG_WARN_OBJC_ROOT_CLASS = YES_ERROR;
				CLANG_WARN_RANGE_LOOP_ANALYSIS = YES;
				CLANG_WARN_STRICT_PROTOTYPES = YES;
				CLANG_WARN_SUSPICIOUS_MOVE = YES;
				CLANG_WARN_UNGUARDED_AVAILABILITY = YES_AGGRESSIVE;
				CLANG_WARN_UNREACHABLE_CODE = YES;
				CLANG_WARN__DUPLICATE_METHOD_MATCH = YES;
				COPY_PHASE_STRIP = NO;
				DEBUG_INFORMATION_FORMAT = "dwarf-with-dsym";
				ENABLE_NS_ASSERTIONS = NO;
				ENABLE_STRICT_OBJC_MSGSEND = YES;
				GCC_C_LANGUAGE_STANDARD = gnu11;
				GCC_NO_COMMON_BLOCKS = YES;
				GCC_WARN_64_TO_32_BIT_CONVERSION = YES;
				GCC_WARN_ABOUT_RETURN_TYPE = YES_ERROR;
				GCC_WARN_UNDECLARED_SELECTOR = YES;
				GCC_WARN_UNINITIALIZED_AUTOS = YES_AGGRESSIVE;
				GCC_WARN_UNUSED_FUNCTION = YES;
				GCC_WARN_UNUSED_VARIABLE = YES;
				IPHONEOS_DEPLOYMENT_TARGET = 13.4;
				MTL_ENABLE_DEBUG_INFO = NO;
				MTL_FAST_MATH = YES;
				SDKROOT = iphoneos;
				SWIFT_COMPILATION_MODE = wholemodule;
				SWIFT_OPTIMIZATION_LEVEL = "-O";
				VALIDATE_PRODUCT = YES;
			};
			name = Release;
		};
		816DAC0E2435E12E00E2B77B /* Debug */ = {
			isa = XCBuildConfiguration;
			buildSettings = {
				ASSETCATALOG_COMPILER_APPICON_NAME = AppIcon;
				CODE_SIGN_STYLE = Automatic;
				DEVELOPMENT_TEAM = D9SM92ZY2A;
				INFOPLIST_FILE = SwiftLog/Info.plist;
				IPHONEOS_DEPLOYMENT_TARGET = 9.0;
				LD_RUNPATH_SEARCH_PATHS = (
					"$(inherited)",
					"@executable_path/Frameworks",
				);
				PRODUCT_BUNDLE_IDENTIFIER = com.hu.log.SwiftLog;
				PRODUCT_NAME = "$(TARGET_NAME)";
				SWIFT_VERSION = 5.0;
				TARGETED_DEVICE_FAMILY = "1,2";
			};
			name = Debug;
		};
		816DAC0F2435E12E00E2B77B /* Release */ = {
			isa = XCBuildConfiguration;
			buildSettings = {
				ASSETCATALOG_COMPILER_APPICON_NAME = AppIcon;
				CODE_SIGN_STYLE = Automatic;
				DEVELOPMENT_TEAM = D9SM92ZY2A;
				INFOPLIST_FILE = SwiftLog/Info.plist;
				IPHONEOS_DEPLOYMENT_TARGET = 9.0;
				LD_RUNPATH_SEARCH_PATHS = (
					"$(inherited)",
					"@executable_path/Frameworks",
				);
				PRODUCT_BUNDLE_IDENTIFIER = com.hu.log.SwiftLog;
				PRODUCT_NAME = "$(TARGET_NAME)";
				SWIFT_VERSION = 5.0;
				TARGETED_DEVICE_FAMILY = "1,2";
			};
			name = Release;
		};
/* End XCBuildConfiguration section */

/* Begin XCConfigurationList section */
		816DABF42435E12900E2B77B /* Build configuration list for PBXProject "SwiftLog" */ = {
			isa = XCConfigurationList;
			buildConfigurations = (
				816DAC0B2435E12E00E2B77B /* Debug */,
				816DAC0C2435E12E00E2B77B /* Release */,
			);
			defaultConfigurationIsVisible = 0;
			defaultConfigurationName = Release;
		};
		816DAC0D2435E12E00E2B77B /* Build configuration list for PBXNativeTarget "SwiftLog" */ = {
			isa = XCConfigurationList;
			buildConfigurations = (
				816DAC0E2435E12E00E2B77B /* Debug */,
				816DAC0F2435E12E00E2B77B /* Release */,
			);
			defaultConfigurationIsVisible = 0;
			defaultConfigurationName = Release;
		};
/* End XCConfigurationList section */
	};
	rootObject = 816DABF12435E12900E2B77B /* Project object */;
}
